
Microsoft Visual Studio Solution File, Format Version 12.00
# Visual Studio Version 17
VisualStudioVersion = 17.13.35818.85 d17.13
MinimumVisualStudioVersion = 10.0.40219.1
Project("{FAE04EC0-301F-11D3-BF4B-00C04F79EFBC}") = "QuanLyYTe", "QuanLyYTe\QuanLyYTe.csproj", "{44A95E35-71CA-4D9D-B874-AC5A3FB54257}"
EndProject
Global
	GlobalSection(SolutionConfigurationPlatforms) = preSolution
		Debug|Any CPU = Debug|Any CPU
		Release|Any CPU = Release|Any CPU
	EndGlobalSection
	GlobalSection(ProjectConfigurationPlatforms) = postSolution
		{44A95E35-71CA-4D9D-B874-AC5A3FB54257}.Debug|Any CPU.ActiveCfg = Debug|Any CPU
		{44A95E35-71CA-4D9D-B874-AC5A3FB54257}.Debug|Any CPU.Build.0 = Debug|Any CPU
		{44A95E35-71CA-4D9D-B874-AC5A3FB54257}.Release|Any CPU.ActiveCfg = Release|Any CPU
		{44A95E35-71CA-4D9D-B874-AC5A3FB54257}.Release|Any CPU.Build.0 = Release|Any CPU
	EndGlobalSection
	GlobalSection(SolutionProperties) = preSolution
		HideSolutionNode = FALSE
	EndGlobalSection
	GlobalSection(ExtensibilityGlobals) = postSolution
		SolutionGuid = {8E36DF86-4515-430C-9EA8-71D33AF31611}
	EndGlobalSection
EndGlobal
